
Microsoft Visual Studio Solution File, Format Version 12.00
# Visual Studio Version 17
VisualStudioVersion = 17.9.34723.18
MinimumVisualStudioVersion = 10.0.40219.1
Project("{FAE04EC0-301F-11D3-BF4B-00C04F79EFBC}") = "EmployeeMgtWebApp", "EmployeeMgtWebApp.csproj", "{23F5D696-8598-41B9-B281-8A5CB76B6DDB}"
EndProject
Global
	GlobalSection(SolutionConfigurationPlatforms) = preSolution
		Debug|Any CPU = Debug|Any CPU
		Release|Any CPU = Release|Any CPU
	EndGlobalSection
	GlobalSection(ProjectConfigurationPlatforms) = postSolution
		{23F5D696-8598-41B9-B281-8A5CB76B6DDB}.Debug|Any CPU.ActiveCfg = Debug|Any CPU
		{23F5D696-8598-41B9-B281-8A5CB76B6DDB}.Debug|Any CPU.Build.0 = Debug|Any CPU
		{23F5D696-8598-41B9-B281-8A5CB76B6DDB}.Release|Any CPU.ActiveCfg = Release|Any CPU
		{23F5D696-8598-41B9-B281-8A5CB76B6DDB}.Release|Any CPU.Build.0 = Release|Any CPU
	EndGlobalSection
	GlobalSection(SolutionProperties) = preSolution
		HideSolutionNode = FALSE
	EndGlobalSection
	GlobalSection(ExtensibilityGlobals) = postSolution
		SolutionGuid = {8E3DF019-88FE-497B-83FC-83D644DCAF92}
	EndGlobalSection
EndGlobal
